// !$*UTF8*$!
{
	archiveVersion = 1;
	classes = {
	};
	objectVersion = 50;
	objects = {

/* Begin PBXBuildFile section */
		F6BDE6532112E50100564E8F /* AppDelegate.swift in Sources */ = {isa = PBXBuildFile; fileRef = F6BDE6522112E50100564E8F /* AppDelegate.swift */; };
		F6BDE6552112E50100564E8F /* ViewController.swift in Sources */ = {isa = PBXBuildFile; fileRef = F6BDE6542112E50100564E8F /* ViewController.swift */; };
		F6BDE6582112E50100564E8F /* Main.storyboard in Resources */ = {isa = PBXBuildFile; fileRef = F6BDE6562112E50100564E8F /* Main.storyboard */; };
		F6BDE65B2112E50100564E8F /* Strokks.xcdatamodeld in Sources */ = {isa = PBXBuildFile; fileRef = F6BDE6592112E50100564E8F /* Strokks.xcdatamodeld */; };
		F6BDE65D2112E50200564E8F /* Assets.xcassets in Resources */ = {isa = PBXBuildFile; fileRef = F6BDE65C2112E50200564E8F /* Assets.xcassets */; };
		F6BDE6602112E50200564E8F /* LaunchScreen.storyboard in Resources */ = {isa = PBXBuildFile; fileRef = F6BDE65E2112E50200564E8F /* LaunchScreen.storyboard */; };
		F6BDE66B2112E50200564E8F /* StrokksTests.swift in Sources */ = {isa = PBXBuildFile; fileRef = F6BDE66A2112E50200564E8F /* StrokksTests.swift */; };
		F6BDE6762112E50200564E8F /* StrokksUITests.swift in Sources */ = {isa = PBXBuildFile; fileRef = F6BDE6752112E50200564E8F /* StrokksUITests.swift */; };
		F6BDE6932112E54C00564E8F /* ItemDetails2Cell.swift in Sources */ = {isa = PBXBuildFile; fileRef = F6BDE6852112E54A00564E8F /* ItemDetails2Cell.swift */; };
		F6BDE6942112E54C00564E8F /* OffersCell.xib in Resources */ = {isa = PBXBuildFile; fileRef = F6BDE6862112E54A00564E8F /* OffersCell.xib */; };
		F6BDE6952112E54C00564E8F /* ItemDetailsCell.swift in Sources */ = {isa = PBXBuildFile; fileRef = F6BDE6872112E54B00564E8F /* ItemDetailsCell.swift */; };
		F6BDE6962112E54C00564E8F /* AddressCell.xib in Resources */ = {isa = PBXBuildFile; fileRef = F6BDE6882112E54B00564E8F /* AddressCell.xib */; };
		F6BDE6972112E54C00564E8F /* ItemDetailsCell.xib in Resources */ = {isa = PBXBuildFile; fileRef = F6BDE6892112E54B00564E8F /* ItemDetailsCell.xib */; };
		F6BDE6982112E54C00564E8F /* OrdersCell.xib in Resources */ = {isa = PBXBuildFile; fileRef = F6BDE68A2112E54B00564E8F /* OrdersCell.xib */; };
		F6BDE6992112E54C00564E8F /* ItemDetails2Cell.xib in Resources */ = {isa = PBXBuildFile; fileRef = F6BDE68B2112E54B00564E8F /* ItemDetails2Cell.xib */; };
		F6BDE69A2112E54C00564E8F /* OffersCell.swift in Sources */ = {isa = PBXBuildFile; fileRef = F6BDE68C2112E54B00564E8F /* OffersCell.swift */; };
		F6BDE69B2112E54C00564E8F /* AddressCell.swift in Sources */ = {isa = PBXBuildFile; fileRef = F6BDE68D2112E54B00564E8F /* AddressCell.swift */; };
		F6BDE69C2112E54C00564E8F /* LabelInfoClass.swift in Sources */ = {isa = PBXBuildFile; fileRef = F6BDE68E2112E54B00564E8F /* LabelInfoClass.swift */; };
		F6BDE69D2112E54C00564E8F /* OrdersCell.swift in Sources */ = {isa = PBXBuildFile; fileRef = F6BDE68F2112E54B00564E8F /* OrdersCell.swift */; };
		F6BDE69E2112E54C00564E8F /* LabelNameClass.swift in Sources */ = {isa = PBXBuildFile; fileRef = F6BDE6902112E54C00564E8F /* LabelNameClass.swift */; };
		F6BDE69F2112E54C00564E8F /* LabelClass.swift in Sources */ = {isa = PBXBuildFile; fileRef = F6BDE6912112E54C00564E8F /* LabelClass.swift */; };
		F6BDE6A02112E54C00564E8F /* ButtonClass.swift in Sources */ = {isa = PBXBuildFile; fileRef = F6BDE6922112E54C00564E8F /* ButtonClass.swift */; };
/* End PBXBuildFile section */

/* Begin PBXContainerItemProxy section */
		F6BDE6672112E50200564E8F /* PBXContainerItemProxy */ = {
			isa = PBXContainerItemProxy;
			containerPortal = F6BDE6472112E50100564E8F /* Project object */;
			proxyType = 1;
			remoteGlobalIDString = F6BDE64E2112E50100564E8F;
			remoteInfo = Strokks;
		};
		F6BDE6722112E50200564E8F /* PBXContainerItemProxy */ = {
			isa = PBXContainerItemProxy;
			containerPortal = F6BDE6472112E50100564E8F /* Project object */;
			proxyType = 1;
			remoteGlobalIDString = F6BDE64E2112E50100564E8F;
			remoteInfo = Strokks;
		};
/* End PBXContainerItemProxy section */

/* Begin PBXFileReference section */
		F6BDE64F2112E50100564E8F /* Strokks.app */ = {isa = PBXFileReference; explicitFileType = wrapper.application; includeInIndex = 0; path = Strokks.app; sourceTree = BUILT_PRODUCTS_DIR; };
		F6BDE6522112E50100564E8F /* AppDelegate.swift */ = {isa = PBXFileReference; lastKnownFileType = sourcecode.swift; path = AppDelegate.swift; sourceTree = "<group>"; };
		F6BDE6542112E50100564E8F /* ViewController.swift */ = {isa = PBXFileReference; lastKnownFileType = sourcecode.swift; path = ViewController.swift; sourceTree = "<group>"; };
		F6BDE6572112E50100564E8F /* Base */ = {isa = PBXFileReference; lastKnownFileType = file.storyboard; name = Base; path = Base.lproj/Main.storyboard; sourceTree = "<group>"; };
		F6BDE65A2112E50100564E8F /* Strokks.xcdatamodel */ = {isa = PBXFileReference; lastKnownFileType = wrapper.xcdatamodel; path = Strokks.xcdatamodel; sourceTree = "<group>"; };
		F6BDE65C2112E50200564E8F /* Assets.xcassets */ = {isa = PBXFileReference; lastKnownFileType = folder.assetcatalog; path = Assets.xcassets; sourceTree = "<group>"; };
		F6BDE65F2112E50200564E8F /* Base */ = {isa = PBXFileReference; lastKnownFileType = file.storyboard; name = Base; path = Base.lproj/LaunchScreen.storyboard; sourceTree = "<group>"; };
		F6BDE6612112E50200564E8F /* Info.plist */ = {isa = PBXFileReference; lastKnownFileType = text.plist.xml; path = Info.plist; sourceTree = "<group>"; };
		F6BDE6662112E50200564E8F /* StrokksTests.xctest */ = {isa = PBXFileReference; explicitFileType = wrapper.cfbundle; includeInIndex = 0; path = StrokksTests.xctest; sourceTree = BUILT_PRODUCTS_DIR; };
		F6BDE66A2112E50200564E8F /* StrokksTests.swift */ = {isa = PBXFileReference; lastKnownFileType = sourcecode.swift; path = StrokksTests.swift; sourceTree = "<group>"; };
		F6BDE66C2112E50200564E8F /* Info.plist */ = {isa = PBXFileReference; lastKnownFileType = text.plist.xml; path = Info.plist; sourceTree = "<group>"; };
		F6BDE6712112E50200564E8F /* StrokksUITests.xctest */ = {isa = PBXFileReference; explicitFileType = wrapper.cfbundle; includeInIndex = 0; path = StrokksUITests.xctest; sourceTree = BUILT_PRODUCTS_DIR; };
		F6BDE6752112E50200564E8F /* StrokksUITests.swift */ = {isa = PBXFileReference; lastKnownFileType = sourcecode.swift; path = StrokksUITests.swift; sourceTree = "<group>"; };
		F6BDE6772112E50200564E8F /* Info.plist */ = {isa = PBXFileReference; lastKnownFileType = text.plist.xml; path = Info.plist; sourceTree = "<group>"; };
		F6BDE6852112E54A00564E8F /* ItemDetails2Cell.swift */ = {isa = PBXFileReference; fileEncoding = 4; lastKnownFileType = sourcecode.swift; path = ItemDetails2Cell.swift; sourceTree = "<group>"; };
		F6BDE6862112E54A00564E8F /* OffersCell.xib */ = {isa = PBXFileReference; fileEncoding = 4; lastKnownFileType = file.xib; path = OffersCell.xib; sourceTree = "<group>"; };
		F6BDE6872112E54B00564E8F /* ItemDetailsCell.swift */ = {isa = PBXFileReference; fileEncoding = 4; lastKnownFileType = sourcecode.swift; path = ItemDetailsCell.swift; sourceTree = "<group>"; };
		F6BDE6882112E54B00564E8F /* AddressCell.xib */ = {isa = PBXFileReference; fileEncoding = 4; lastKnownFileType = file.xib; path = AddressCell.xib; sourceTree = "<group>"; };
		F6BDE6892112E54B00564E8F /* ItemDetailsCell.xib */ = {isa = PBXFileReference; fileEncoding = 4; lastKnownFileType = file.xib; path = ItemDetailsCell.xib; sourceTree = "<group>"; };
		F6BDE68A2112E54B00564E8F /* OrdersCell.xib */ = {isa = PBXFileReference; fileEncoding = 4; lastKnownFileType = file.xib; path = OrdersCell.xib; sourceTree = "<group>"; };
		F6BDE68B2112E54B00564E8F /* ItemDetails2Cell.xib */ = {isa = PBXFileReference; fileEncoding = 4; lastKnownFileType = file.xib; path = ItemDetails2Cell.xib; sourceTree = "<group>"; };
		F6BDE68C2112E54B00564E8F /* OffersCell.swift */ = {isa = PBXFileReference; fileEncoding = 4; lastKnownFileType = sourcecode.swift; path = OffersCell.swift; sourceTree = "<group>"; };
		F6BDE68D2112E54B00564E8F /* AddressCell.swift */ = {isa = PBXFileReference; fileEncoding = 4; lastKnownFileType = sourcecode.swift; path = AddressCell.swift; sourceTree = "<group>"; };
		F6BDE68E2112E54B00564E8F /* LabelInfoClass.swift */ = {isa = PBXFileReference; fileEncoding = 4; lastKnownFileType = sourcecode.swift; path = LabelInfoClass.swift; sourceTree = "<group>"; };
		F6BDE68F2112E54B00564E8F /* OrdersCell.swift */ = {isa = PBXFileReference; fileEncoding = 4; lastKnownFileType = sourcecode.swift; path = OrdersCell.swift; sourceTree = "<group>"; };
		F6BDE6902112E54C00564E8F /* LabelNameClass.swift */ = {isa = PBXFileReference; fileEncoding = 4; lastKnownFileType = sourcecode.swift; path = LabelNameClass.swift; sourceTree = "<group>"; };
		F6BDE6912112E54C00564E8F /* LabelClass.swift */ = {isa = PBXFileReference; fileEncoding = 4; lastKnownFileType = sourcecode.swift; path = LabelClass.swift; sourceTree = "<group>"; };
		F6BDE6922112E54C00564E8F /* ButtonClass.swift */ = {isa = PBXFileReference; fileEncoding = 4; lastKnownFileType = sourcecode.swift; path = ButtonClass.swift; sourceTree = "<group>"; };
/* End PBXFileReference section */

/* Begin PBXFrameworksBuildPhase section */
		F6BDE64C2112E50100564E8F /* Frameworks */ = {
			isa = PBXFrameworksBuildPhase;
			buildActionMask = 2147483647;
			files = (
			);
			runOnlyForDeploymentPostprocessing = 0;
		};
		F6BDE6632112E50200564E8F /* Frameworks */ = {
			isa = PBXFrameworksBuildPhase;
			buildActionMask = 2147483647;
			files = (
			);
			runOnlyForDeploymentPostprocessing = 0;
		};
		F6BDE66E2112E50200564E8F /* Frameworks */ = {
			isa = PBXFrameworksBuildPhase;
			buildActionMask = 2147483647;
			files = (
			);
			runOnlyForDeploymentPostprocessing = 0;
		};
/* End PBXFrameworksBuildPhase section */

/* Begin PBXGroup section */
		F6BDE6462112E50100564E8F = {
			isa = PBXGroup;
			children = (
				F6BDE6512112E50100564E8F /* Strokks */,
				F6BDE6692112E50200564E8F /* StrokksTests */,
				F6BDE6742112E50200564E8F /* StrokksUITests */,
				F6BDE6502112E50100564E8F /* Products */,
			);
			sourceTree = "<group>";
		};
		F6BDE6502112E50100564E8F /* Products */ = {
			isa = PBXGroup;
			children = (
				F6BDE64F2112E50100564E8F /* Strokks.app */,
				F6BDE6662112E50200564E8F /* StrokksTests.xctest */,
				F6BDE6712112E50200564E8F /* StrokksUITests.xctest */,
			);
			name = Products;
			sourceTree = "<group>";
		};
		F6BDE6512112E50100564E8F /* Strokks */ = {
			isa = PBXGroup;
			children = (
				F6BDE6842112E51600564E8F /* CustomCells */,
				F6BDE6522112E50100564E8F /* AppDelegate.swift */,
				F6BDE6542112E50100564E8F /* ViewController.swift */,
				F6BDE6562112E50100564E8F /* Main.storyboard */,
				F6BDE65C2112E50200564E8F /* Assets.xcassets */,
				F6BDE65E2112E50200564E8F /* LaunchScreen.storyboard */,
				F6BDE6612112E50200564E8F /* Info.plist */,
				F6BDE6592112E50100564E8F /* Strokks.xcdatamodeld */,
			);
			path = Strokks;
			sourceTree = "<group>";
		};
		F6BDE6692112E50200564E8F /* StrokksTests */ = {
			isa = PBXGroup;
			children = (
				F6BDE66A2112E50200564E8F /* StrokksTests.swift */,
				F6BDE66C2112E50200564E8F /* Info.plist */,
			);
			path = StrokksTests;
			sourceTree = "<group>";
		};
		F6BDE6742112E50200564E8F /* StrokksUITests */ = {
			isa = PBXGroup;
			children = (
				F6BDE6752112E50200564E8F /* StrokksUITests.swift */,
				F6BDE6772112E50200564E8F /* Info.plist */,
			);
			path = StrokksUITests;
			sourceTree = "<group>";
		};
		F6BDE6842112E51600564E8F /* CustomCells */ = {
			isa = PBXGroup;
			children = (
				F6BDE68D2112E54B00564E8F /* AddressCell.swift */,
				F6BDE6882112E54B00564E8F /* AddressCell.xib */,
				F6BDE6922112E54C00564E8F /* ButtonClass.swift */,
				F6BDE6852112E54A00564E8F /* ItemDetails2Cell.swift */,
				F6BDE68B2112E54B00564E8F /* ItemDetails2Cell.xib */,
				F6BDE6872112E54B00564E8F /* ItemDetailsCell.swift */,
				F6BDE6892112E54B00564E8F /* ItemDetailsCell.xib */,
				F6BDE6912112E54C00564E8F /* LabelClass.swift */,
				F6BDE68E2112E54B00564E8F /* LabelInfoClass.swift */,
				F6BDE6902112E54C00564E8F /* LabelNameClass.swift */,
				F6BDE68C2112E54B00564E8F /* OffersCell.swift */,
				F6BDE6862112E54A00564E8F /* OffersCell.xib */,
				F6BDE68F2112E54B00564E8F /* OrdersCell.swift */,
				F6BDE68A2112E54B00564E8F /* OrdersCell.xib */,
			);
			path = CustomCells;
			sourceTree = "<group>";
		};
/* End PBXGroup section */

/* Begin PBXNativeTarget section */
		F6BDE64E2112E50100564E8F /* Strokks */ = {
			isa = PBXNativeTarget;
			buildConfigurationList = F6BDE67A2112E50200564E8F /* Build configuration list for PBXNativeTarget "Strokks" */;
			buildPhases = (
				F6BDE64B2112E50100564E8F /* Sources */,
				F6BDE64C2112E50100564E8F /* Frameworks */,
				F6BDE64D2112E50100564E8F /* Resources */,
			);
			buildRules = (
			);
			dependencies = (
			);
			name = Strokks;
			productName = Strokks;
			productReference = F6BDE64F2112E50100564E8F /* Strokks.app */;
			productType = "com.apple.product-type.application";
		};
		F6BDE6652112E50200564E8F /* StrokksTests */ = {
			isa = PBXNativeTarget;
			buildConfigurationList = F6BDE67D2112E50200564E8F /* Build configuration list for PBXNativeTarget "StrokksTests" */;
			buildPhases = (
				F6BDE6622112E50200564E8F /* Sources */,
				F6BDE6632112E50200564E8F /* Frameworks */,
				F6BDE6642112E50200564E8F /* Resources */,
			);
			buildRules = (
			);
			dependencies = (
				F6BDE6682112E50200564E8F /* PBXTargetDependency */,
			);
			name = StrokksTests;
			productName = StrokksTests;
			productReference = F6BDE6662112E50200564E8F /* StrokksTests.xctest */;
			productType = "com.apple.product-type.bundle.unit-test";
		};
		F6BDE6702112E50200564E8F /* StrokksUITests */ = {
			isa = PBXNativeTarget;
			buildConfigurationList = F6BDE6802112E50200564E8F /* Build configuration list for PBXNativeTarget "StrokksUITests" */;
			buildPhases = (
				F6BDE66D2112E50200564E8F /* Sources */,
				F6BDE66E2112E50200564E8F /* Frameworks */,
				F6BDE66F2112E50200564E8F /* Resources */,
			);
			buildRules = (
			);
			dependencies = (
				F6BDE6732112E50200564E8F /* PBXTargetDependency */,
			);
			name = StrokksUITests;
			productName = StrokksUITests;
			productReference = F6BDE6712112E50200564E8F /* StrokksUITests.xctest */;
			productType = "com.apple.product-type.bundle.ui-testing";
		};
/* End PBXNativeTarget section */

/* Begin PBXProject section */
		F6BDE6472112E50100564E8F /* Project object */ = {
			isa = PBXProject;
			attributes = {
				LastSwiftUpdateCheck = 0940;
				LastUpgradeCheck = 0940;
				ORGANIZATIONNAME = "gaian ";
				TargetAttributes = {
					F6BDE64E2112E50100564E8F = {
						CreatedOnToolsVersion = 9.4;
					};
					F6BDE6652112E50200564E8F = {
						CreatedOnToolsVersion = 9.4;
						TestTargetID = F6BDE64E2112E50100564E8F;
					};
					F6BDE6702112E50200564E8F = {
						CreatedOnToolsVersion = 9.4;
						TestTargetID = F6BDE64E2112E50100564E8F;
					};
				};
			};
			buildConfigurationList = F6BDE64A2112E50100564E8F /* Build configuration list for PBXProject "Strokks" */;
			compatibilityVersion = "Xcode 9.3";
			developmentRegion = en;
			hasScannedForEncodings = 0;
			knownRegions = (
				en,
				Base,
			);
			mainGroup = F6BDE6462112E50100564E8F;
			productRefGroup = F6BDE6502112E50100564E8F /* Products */;
			projectDirPath = "";
			projectRoot = "";
			targets = (
				F6BDE64E2112E50100564E8F /* Strokks */,
				F6BDE6652112E50200564E8F /* StrokksTests */,
				F6BDE6702112E50200564E8F /* StrokksUITests */,
			);
		};
/* End PBXProject section */

/* Begin PBXResourcesBuildPhase section */
		F6BDE64D2112E50100564E8F /* Resources */ = {
			isa = PBXResourcesBuildPhase;
			buildActionMask = 2147483647;
			files = (
				F6BDE6942112E54C00564E8F /* OffersCell.xib in Resources */,
				F6BDE6962112E54C00564E8F /* AddressCell.xib in Resources */,
				F6BDE6982112E54C00564E8F /* OrdersCell.xib in Resources */,
				F6BDE6602112E50200564E8F /* LaunchScreen.storyboard in Resources */,
				F6BDE6992112E54C00564E8F /* ItemDetails2Cell.xib in Resources */,
				F6BDE6972112E54C00564E8F /* ItemDetailsCell.xib in Resources */,
				F6BDE65D2112E50200564E8F /* Assets.xcassets in Resources */,
				F6BDE6582112E50100564E8F /* Main.storyboard in Resources */,
			);
			runOnlyForDeploymentPostprocessing = 0;
		};
		F6BDE6642112E50200564E8F /* Resources */ = {
			isa = PBXResourcesBuildPhase;
			buildActionMask = 2147483647;
			files = (
			);
			runOnlyForDeploymentPostprocessing = 0;
		};
		F6BDE66F2112E50200564E8F /* Resources */ = {
			isa = PBXResourcesBuildPhase;
			buildActionMask = 2147483647;
			files = (
			);
			runOnlyForDeploymentPostprocessing = 0;
		};
/* End PBXResourcesBuildPhase section */

/* Begin PBXSourcesBuildPhase section */
		F6BDE64B2112E50100564E8F /* Sources */ = {
			isa = PBXSourcesBuildPhase;
			buildActionMask = 2147483647;
			files = (
				F6BDE69A2112E54C00564E8F /* OffersCell.swift in Sources */,
				F6BDE69C2112E54C00564E8F /* LabelInfoClass.swift in Sources */,
				F6BDE6A02112E54C00564E8F /* ButtonClass.swift in Sources */,
				F6BDE69F2112E54C00564E8F /* LabelClass.swift in Sources */,
				F6BDE69D2112E54C00564E8F /* OrdersCell.swift in Sources */,
				F6BDE69B2112E54C00564E8F /* AddressCell.swift in Sources */,
				F6BDE6932112E54C00564E8F /* ItemDetails2Cell.swift in Sources */,
				F6BDE65B2112E50100564E8F /* Strokks.xcdatamodeld in Sources */,
				F6BDE69E2112E54C00564E8F /* LabelNameClass.swift in Sources */,
				F6BDE6552112E50100564E8F /* ViewController.swift in Sources */,
				F6BDE6532112E50100564E8F /* AppDelegate.swift in Sources */,
				F6BDE6952112E54C00564E8F /* ItemDetailsCell.swift in Sources */,
			);
			runOnlyForDeploymentPostprocessing = 0;
		};
		F6BDE6622112E50200564E8F /* Sources */ = {
			isa = PBXSourcesBuildPhase;
			buildActionMask = 2147483647;
			files = (
				F6BDE66B2112E50200564E8F /* StrokksTests.swift in Sources */,
			);
			runOnlyForDeploymentPostprocessing = 0;
		};
		F6BDE66D2112E50200564E8F /* Sources */ = {
			isa = PBXSourcesBuildPhase;
			buildActionMask = 2147483647;
			files = (
				F6BDE6762112E50200564E8F /* StrokksUITests.swift in Sources */,
			);
			runOnlyForDeploymentPostprocessing = 0;
		};
/* End PBXSourcesBuildPhase section */

/* Begin PBXTargetDependency section */
		F6BDE6682112E50200564E8F /* PBXTargetDependency */ = {
			isa = PBXTargetDependency;
			target = F6BDE64E2112E50100564E8F /* Strokks */;
			targetProxy = F6BDE6672112E50200564E8F /* PBXContainerItemProxy */;
		};
		F6BDE6732112E50200564E8F /* PBXTargetDependency */ = {
			isa = PBXTargetDependency;
			target = F6BDE64E2112E50100564E8F /* Strokks */;
			targetProxy = F6BDE6722112E50200564E8F /* PBXContainerItemProxy */;
		};
/* End PBXTargetDependency section */

/* Begin PBXVariantGroup section */
		F6BDE6562112E50100564E8F /* Main.storyboard */ = {
			isa = PBXVariantGroup;
			children = (
				F6BDE6572112E50100564E8F /* Base */,
			);
			name = Main.storyboard;
			sourceTree = "<group>";
		};
		F6BDE65E2112E50200564E8F /* LaunchScreen.storyboard */ = {
			isa = PBXVariantGroup;
			children = (
				F6BDE65F2112E50200564E8F /* Base */,
			);
			name = LaunchScreen.storyboard;
			sourceTree = "<group>";
		};
/* End PBXVariantGroup section */

/* Begin XCBuildConfiguration section */
		F6BDE6782112E50200564E8F /* Debug */ = {
			isa = XCBuildConfiguration;
			buildSettings = {
				ALWAYS_SEARCH_USER_PATHS = NO;
				CLANG_ANALYZER_NONNULL = YES;
				CLANG_ANALYZER_NUMBER_OBJECT_CONVERSION = YES_AGGRESSIVE;
				CLANG_CXX_LANGUAGE_STANDARD = "gnu++14";
				CLANG_CXX_LIBRARY = "libc++";
				CLANG_ENABLE_MODULES = YES;
				CLANG_ENABLE_OBJC_ARC = YES;
				CLANG_ENABLE_OBJC_WEAK = YES;
				CLANG_WARN_BLOCK_CAPTURE_AUTORELEASING = YES;
				CLANG_WARN_BOOL_CONVERSION = YES;
				CLANG_WARN_COMMA = YES;
				CLANG_WARN_CONSTANT_CONVERSION = YES;
				CLANG_WARN_DEPRECATED_OBJC_IMPLEMENTATIONS = YES;
				CLANG_WARN_DIRECT_OBJC_ISA_USAGE = YES_ERROR;
				CLANG_WARN_DOCUMENTATION_COMMENTS = YES;
				CLANG_WARN_EMPTY_BODY = YES;
				CLANG_WARN_ENUM_CONVERSION = YES;
				CLANG_WARN_INFINITE_RECURSION = YES;
				CLANG_WARN_INT_CONVERSION = YES;
				CLANG_WARN_NON_LITERAL_NULL_CONVERSION = YES;
				CLANG_WARN_OBJC_IMPLICIT_RETAIN_SELF = YES;
				CLANG_WARN_OBJC_LITERAL_CONVERSION = YES;
				CLANG_WARN_OBJC_ROOT_CLASS = YES_ERROR;
				CLANG_WARN_RANGE_LOOP_ANALYSIS = YES;
				CLANG_WARN_STRICT_PROTOTYPES = YES;
				CLANG_WARN_SUSPICIOUS_MOVE = YES;
				CLANG_WARN_UNGUARDED_AVAILABILITY = YES_AGGRESSIVE;
				CLANG_WARN_UNREACHABLE_CODE = YES;
				CLANG_WARN__DUPLICATE_METHOD_MATCH = YES;
				CODE_SIGN_IDENTITY = "iPhone Developer";
				COPY_PHASE_STRIP = NO;
				DEBUG_INFORMATION_FORMAT = dwarf;
				ENABLE_STRICT_OBJC_MSGSEND = YES;
				ENABLE_TESTABILITY = YES;
				GCC_C_LANGUAGE_STANDARD = gnu11;
				GCC_DYNAMIC_NO_PIC = NO;
				GCC_NO_COMMON_BLOCKS = YES;
				GCC_OPTIMIZATION_LEVEL = 0;
				GCC_PREPROCESSOR_DEFINITIONS = (
					"DEBUG=1",
					"$(inherited)",
				);
				GCC_WARN_64_TO_32_BIT_CONVERSION = YES;
				GCC_WARN_ABOUT_RETURN_TYPE = YES_ERROR;
				GCC_WARN_UNDECLARED_SELECTOR = YES;
				GCC_WARN_UNINITIALIZED_AUTOS = YES_AGGRESSIVE;
				GCC_WARN_UNUSED_FUNCTION = YES;
				GCC_WARN_UNUSED_VARIABLE = YES;
				IPHONEOS_DEPLOYMENT_TARGET = 11.4;
				MTL_ENABLE_DEBUG_INFO = YES;
				ONLY_ACTIVE_ARCH = YES;
				SDKROOT = iphoneos;
				SWIFT_ACTIVE_COMPILATION_CONDITIONS = DEBUG;
				SWIFT_OPTIMIZATION_LEVEL = "-Onone";
			};
			name = Debug;
		};
		F6BDE6792112E50200564E8F /* Release */ = {
			isa = XCBuildConfiguration;
			buildSettings = {
				ALWAYS_SEARCH_USER_PATHS = NO;
				CLANG_ANALYZER_NONNULL = YES;
				CLANG_ANALYZER_NUMBER_OBJECT_CONVERSION = YES_AGGRESSIVE;
				CLANG_CXX_LANGUAGE_STANDARD = "gnu++14";
				CLANG_CXX_LIBRARY = "libc++";
				CLANG_ENABLE_MODULES = YES;
				CLANG_ENABLE_OBJC_ARC = YES;
				CLANG_ENABLE_OBJC_WEAK = YES;
				CLANG_WARN_BLOCK_CAPTURE_AUTORELEASING = YES;
				CLANG_WARN_BOOL_CONVERSION = YES;
				CLANG_WARN_COMMA = YES;
				CLANG_WARN_CONSTANT_CONVERSION = YES;
				CLANG_WARN_DEPRECATED_OBJC_IMPLEMENTATIONS = YES;
				CLANG_WARN_DIRECT_OBJC_ISA_USAGE = YES_ERROR;
				CLANG_WARN_DOCUMENTATION_COMMENTS = YES;
				CLANG_WARN_EMPTY_BODY = YES;
				CLANG_WARN_ENUM_CONVERSION = YES;
				CLANG_WARN_INFINITE_RECURSION = YES;
				CLANG_WARN_INT_CONVERSION = YES;
				CLANG_WARN_NON_LITERAL_NULL_CONVERSION = YES;
				CLANG_WARN_OBJC_IMPLICIT_RETAIN_SELF = YES;
				CLANG_WARN_OBJC_LITERAL_CONVERSION = YES;
				CLANG_WARN_OBJC_ROOT_CLASS = YES_ERROR;
				CLANG_WARN_RANGE_LOOP_ANALYSIS = YES;
				CLANG_WARN_STRICT_PROTOTYPES = YES;
				CLANG_WARN_SUSPICIOUS_MOVE = YES;
				CLANG_WARN_UNGUARDED_AVAILABILITY = YES_AGGRESSIVE;
				CLANG_WARN_UNREACHABLE_CODE = YES;
				CLANG_WARN__DUPLICATE_METHOD_MATCH = YES;
				CODE_SIGN_IDENTITY = "iPhone Developer";
				COPY_PHASE_STRIP = NO;
				DEBUG_INFORMATION_FORMAT = "dwarf-with-dsym";
				ENABLE_NS_ASSERTIONS = NO;
				ENABLE_STRICT_OBJC_MSGSEND = YES;
				GCC_C_LANGUAGE_STANDARD = gnu11;
				GCC_NO_COMMON_BLOCKS = YES;
				GCC_WARN_64_TO_32_BIT_CONVERSION = YES;
				GCC_WARN_ABOUT_RETURN_TYPE = YES_ERROR;
				GCC_WARN_UNDECLARED_SELECTOR = YES;
				GCC_WARN_UNINITIALIZED_AUTOS = YES_AGGRESSIVE;
				GCC_WARN_UNUSED_FUNCTION = YES;
				GCC_WARN_UNUSED_VARIABLE = YES;
				IPHONEOS_DEPLOYMENT_TARGET = 11.4;
				MTL_ENABLE_DEBUG_INFO = NO;
				SDKROOT = iphoneos;
				SWIFT_COMPILATION_MODE = wholemodule;
				SWIFT_OPTIMIZATION_LEVEL = "-O";
				VALIDATE_PRODUCT = YES;
			};
			name = Release;
		};
		F6BDE67B2112E50200564E8F /* Debug */ = {
			isa = XCBuildConfiguration;
			buildSettings = {
				ASSETCATALOG_COMPILER_APPICON_NAME = AppIcon;
				CODE_SIGN_STYLE = Automatic;
				DEVELOPMENT_TEAM = BW4M265R66;
				INFOPLIST_FILE = Strokks/Info.plist;
				LD_RUNPATH_SEARCH_PATHS = (
					"$(inherited)",
					"@executable_path/Frameworks",
				);
				PRODUCT_BUNDLE_IDENTIFIER = com.gaian.MetalSphere.Strokks;
				PRODUCT_NAME = "$(TARGET_NAME)";
				SWIFT_VERSION = 4.0;
				TARGETED_DEVICE_FAMILY = "1,2";
			};
			name = Debug;
		};
		F6BDE67C2112E50200564E8F /* Release */ = {
			isa = XCBuildConfiguration;
			buildSettings = {
				ASSETCATALOG_COMPILER_APPICON_NAME = AppIcon;
				CODE_SIGN_STYLE = Automatic;
				DEVELOPMENT_TEAM = BW4M265R66;
				INFOPLIST_FILE = Strokks/Info.plist;
				LD_RUNPATH_SEARCH_PATHS = (
					"$(inherited)",
					"@executable_path/Frameworks",
				);
				PRODUCT_BUNDLE_IDENTIFIER = com.gaian.MetalSphere.Strokks;
				PRODUCT_NAME = "$(TARGET_NAME)";
				SWIFT_VERSION = 4.0;
				TARGETED_DEVICE_FAMILY = "1,2";
			};
			name = Release;
		};
		F6BDE67E2112E50200564E8F /* Debug */ = {
			isa = XCBuildConfiguration;
			buildSettings = {
				ALWAYS_EMBED_SWIFT_STANDARD_LIBRARIES = YES;
				BUNDLE_LOADER = "$(TEST_HOST)";
				CODE_SIGN_STYLE = Automatic;
				DEVELOPMENT_TEAM = BW4M265R66;
				INFOPLIST_FILE = StrokksTests/Info.plist;
				LD_RUNPATH_SEARCH_PATHS = (
					"$(inherited)",
					"@executable_path/Frameworks",
					"@loader_path/Frameworks",
				);
				PRODUCT_BUNDLE_IDENTIFIER = com.gaian.MetalSphere.StrokksTests;
				PRODUCT_NAME = "$(TARGET_NAME)";
				SWIFT_VERSION = 4.0;
				TARGETED_DEVICE_FAMILY = "1,2";
				TEST_HOST = "$(BUILT_PRODUCTS_DIR)/Strokks.app/Strokks";
			};
			name = Debug;
		};
		F6BDE67F2112E50200564E8F /* Release */ = {
			isa = XCBuildConfiguration;
			buildSettings = {
				ALWAYS_EMBED_SWIFT_STANDARD_LIBRARIES = YES;
				BUNDLE_LOADER = "$(TEST_HOST)";
				CODE_SIGN_STYLE = Automatic;
				DEVELOPMENT_TEAM = BW4M265R66;
				INFOPLIST_FILE = StrokksTests/Info.plist;
				LD_RUNPATH_SEARCH_PATHS = (
					"$(inherited)",
					"@executable_path/Frameworks",
					"@loader_path/Frameworks",
				);
				PRODUCT_BUNDLE_IDENTIFIER = com.gaian.MetalSphere.StrokksTests;
				PRODUCT_NAME = "$(TARGET_NAME)";
				SWIFT_VERSION = 4.0;
				TARGETED_DEVICE_FAMILY = "1,2";
				TEST_HOST = "$(BUILT_PRODUCTS_DIR)/Strokks.app/Strokks";
			};
			name = Release;
		};
		F6BDE6812112E50200564E8F /* Debug */ = {
			isa = XCBuildConfiguration;
			buildSettings = {
				ALWAYS_EMBED_SWIFT_STANDARD_LIBRARIES = YES;
				CODE_SIGN_STYLE = Automatic;
				DEVELOPMENT_TEAM = BW4M265R66;
				INFOPLIST_FILE = StrokksUITests/Info.plist;
				LD_RUNPATH_SEARCH_PATHS = (
					"$(inherited)",
					"@executable_path/Frameworks",
					"@loader_path/Frameworks",
				);
				PRODUCT_BUNDLE_IDENTIFIER = com.gaian.MetalSphere.StrokksUITests;
				PRODUCT_NAME = "$(TARGET_NAME)";
				SWIFT_VERSION = 4.0;
				TARGETED_DEVICE_FAMILY = "1,2";
				TEST_TARGET_NAME = Strokks;
			};
			name = Debug;
		};
		F6BDE6822112E50200564E8F /* Release */ = {
			isa = XCBuildConfiguration;
			buildSettings = {
				ALWAYS_EMBED_SWIFT_STANDARD_LIBRARIES = YES;
				CODE_SIGN_STYLE = Automatic;
				DEVELOPMENT_TEAM = BW4M265R66;
				INFOPLIST_FILE = StrokksUITests/Info.plist;
				LD_RUNPATH_SEARCH_PATHS = (
					"$(inherited)",
					"@executable_path/Frameworks",
					"@loader_path/Frameworks",
				);
				PRODUCT_BUNDLE_IDENTIFIER = com.gaian.MetalSphere.StrokksUITests;
				PRODUCT_NAME = "$(TARGET_NAME)";
				SWIFT_VERSION = 4.0;
				TARGETED_DEVICE_FAMILY = "1,2";
				TEST_TARGET_NAME = Strokks;
			};
			name = Release;
		};
/* End XCBuildConfiguration section */

/* Begin XCConfigurationList section */
		F6BDE64A2112E50100564E8F /* Build configuration list for PBXProject "Strokks" */ = {
			isa = XCConfigurationList;
			buildConfigurations = (
				F6BDE6782112E50200564E8F /* Debug */,
				F6BDE6792112E50200564E8F /* Release */,
			);
			defaultConfigurationIsVisible = 0;
			defaultConfigurationName = Release;
		};
		F6BDE67A2112E50200564E8F /* Build configuration list for PBXNativeTarget "Strokks" */ = {
			isa = XCConfigurationList;
			buildConfigurations = (
				F6BDE67B2112E50200564E8F /* Debug */,
				F6BDE67C2112E50200564E8F /* Release */,
			);
			defaultConfigurationIsVisible = 0;
			defaultConfigurationName = Release;
		};
		F6BDE67D2112E50200564E8F /* Build configuration list for PBXNativeTarget "StrokksTests" */ = {
			isa = XCConfigurationList;
			buildConfigurations = (
				F6BDE67E2112E50200564E8F /* Debug */,
				F6BDE67F2112E50200564E8F /* Release */,
			);
			defaultConfigurationIsVisible = 0;
			defaultConfigurationName = Release;
		};
		F6BDE6802112E50200564E8F /* Build configuration list for PBXNativeTarget "StrokksUITests" */ = {
			isa = XCConfigurationList;
			buildConfigurations = (
				F6BDE6812112E50200564E8F /* Debug */,
				F6BDE6822112E50200564E8F /* Release */,
			);
			defaultConfigurationIsVisible = 0;
			defaultConfigurationName = Release;
		};
/* End XCConfigurationList section */

/* Begin XCVersionGroup section */
		F6BDE6592112E50100564E8F /* Strokks.xcdatamodeld */ = {
			isa = XCVersionGroup;
			children = (
				F6BDE65A2112E50100564E8F /* Strokks.xcdatamodel */,
			);
			currentVersion = F6BDE65A2112E50100564E8F /* Strokks.xcdatamodel */;
			path = Strokks.xcdatamodeld;
			sourceTree = "<group>";
			versionGroupType = wrapper.xcdatamodel;
		};
/* End XCVersionGroup section */
	};
	rootObject = F6BDE6472112E50100564E8F /* Project object */;
}
